
Microsoft Visual Studio Solution File, Format Version 12.00
# Visual Studio Version 17
VisualStudioVersion = 17.14.36414.22
MinimumVisualStudioVersion = 10.0.40219.1
Project("{FAE04EC0-301F-11D3-BF4B-00C04F79EFBC}") = "FFOracle", "FFOracle.csproj", "{09D8563A-CBBB-4BEC-A6D6-2B1CF117E91D}"
EndProject
Global
	GlobalSection(SolutionConfigurationPlatforms) = preSolution
		Debug|Any CPU = Debug|Any CPU
		Release|Any CPU = Release|Any CPU
	EndGlobalSection
	GlobalSection(ProjectConfigurationPlatforms) = postSolution
		{09D8563A-CBBB-4BEC-A6D6-2B1CF117E91D}.Debug|Any CPU.ActiveCfg = Debug|Any CPU
		{09D8563A-CBBB-4BEC-A6D6-2B1CF117E91D}.Debug|Any CPU.Build.0 = Debug|Any CPU
		{09D8563A-CBBB-4BEC-A6D6-2B1CF117E91D}.Release|Any CPU.ActiveCfg = Release|Any CPU
		{09D8563A-CBBB-4BEC-A6D6-2B1CF117E91D}.Release|Any CPU.Build.0 = Release|Any CPU
	EndGlobalSection
	GlobalSection(SolutionProperties) = preSolution
		HideSolutionNode = FALSE
	EndGlobalSection
	GlobalSection(ExtensibilityGlobals) = postSolution
		SolutionGuid = {91186305-0A50-4D42-97AE-17B42735519C}
	EndGlobalSection
EndGlobal
